
Microsoft Visual Studio Solution File, Format Version 12.00
# Visual Studio Version 17
VisualStudioVersion = 17.2.32616.157
MinimumVisualStudioVersion = 10.0.40219.1
Project("{FAE04EC0-301F-11D3-BF4B-00C04F79EFBC}") = "GestaoEscolar.API", "GestaoEscolar\GestaoEscolar.API.csproj", "{4F469A4B-E2EC-4626-A1AF-E6A763B47EDC}"
EndProject
Global
	GlobalSection(SolutionConfigurationPlatforms) = preSolution
		Debug|Any CPU = Debug|Any CPU
		Release|Any CPU = Release|Any CPU
	EndGlobalSection
	GlobalSection(ProjectConfigurationPlatforms) = postSolution
		{4F469A4B-E2EC-4626-A1AF-E6A763B47EDC}.Debug|Any CPU.ActiveCfg = Debug|Any CPU
		{4F469A4B-E2EC-4626-A1AF-E6A763B47EDC}.Debug|Any CPU.Build.0 = Debug|Any CPU
		{4F469A4B-E2EC-4626-A1AF-E6A763B47EDC}.Release|Any CPU.ActiveCfg = Release|Any CPU
		{4F469A4B-E2EC-4626-A1AF-E6A763B47EDC}.Release|Any CPU.Build.0 = Release|Any CPU
	EndGlobalSection
	GlobalSection(SolutionProperties) = preSolution
		HideSolutionNode = FALSE
	EndGlobalSection
	GlobalSection(ExtensibilityGlobals) = postSolution
		SolutionGuid = {914D1BCE-14AA-40D3-AF00-4C260194D243}
	EndGlobalSection
EndGlobal
